# This file was autogenerated by Stack.
# You should not edit this file by hand.
# For more information, please see the documentation at:
#   https://docs.haskellstack.org/en/stable/lock_files

packages:
- completed:
    hackage: higgledy-0.2.1.0@sha256:d1aa2e6ce0abaf69bb1982ff612e910e1e83889c85410042ee6d94bd68aabc7d,1601
    pantry-tree:
      size: 801
      sha256: 8760f0cbb7baa24ee58ffe1da14bc557d150c976b0d081f475acde03f4b09223
  original:
    hackage: higgledy-0.2.1.0@sha256:d1aa2e6ce0abaf69bb1982ff612e910e1e83889c85410042ee6d94bd68aabc7d
- completed:
    hackage: harg-0.1.0.1@sha256:9ff2c4f7d65cb12d373732a8ab381eeab933a04b4c398bc8e5084f0a008be0d0,3940
    pantry-tree:
      size: 1945
      sha256: 620b835647140b831b6322c86b4fb2b1b1e85d1df95e219d79e165d7ff2d2b66
  original:
    hackage: harg-0.1.0.1
snapshots:
- completed:
    size: 498186
    url: https://raw.githubusercontent.com/commercialhaskell/stackage-snapshots/master/lts/13/22.yaml
    sha256: d4f07dc3d5658260c2fe34266ad7618f6c84d34decf559c9c786ac1cfccf4e7b
  original: lts-13.22
